// !$*UTF8*$!
{
	archiveVersion = 1;
	classes = {
	};
	objectVersion = 46;
	objects = {

/* Begin PBXBuildFile section */
		EB450C9C1BFD98A3002857AC /* NSString+MD5.m in Sources */ = {isa = PBXBuildFile; fileRef = EB450C9B1BFD98A3002857AC /* NSString+MD5.m */; settings = {ASSET_TAGS = (); }; };
		EBAB02FC1BFC732100486400 /* main.m in Sources */ = {isa = PBXBuildFile; fileRef = EBAB02FB1BFC732100486400 /* main.m */; };
		EBAB02FF1BFC732100486400 /* AppDelegate.m in Sources */ = {isa = PBXBuildFile; fileRef = EBAB02FE1BFC732100486400 /* AppDelegate.m */; };
		EBAB03021BFC732100486400 /* ViewController.m in Sources */ = {isa = PBXBuildFile; fileRef = EBAB03011BFC732100486400 /* ViewController.m */; };
		EBAB03051BFC732100486400 /* Main.storyboard in Resources */ = {isa = PBXBuildFile; fileRef = EBAB03031BFC732100486400 /* Main.storyboard */; };
		EBAB03071BFC732100486400 /* Assets.xcassets in Resources */ = {isa = PBXBuildFile; fileRef = EBAB03061BFC732100486400 /* Assets.xcassets */; };
		EBAB030A1BFC732100486400 /* LaunchScreen.storyboard in Resources */ = {isa = PBXBuildFile; fileRef = EBAB03081BFC732100486400 /* LaunchScreen.storyboard */; };
		EBAB03151BFC732100486400 /* CachingImageDemoTests.m in Sources */ = {isa = PBXBuildFile; fileRef = EBAB03141BFC732100486400 /* CachingImageDemoTests.m */; };
		EBAB03201BFC732100486400 /* CachingImageDemoUITests.m in Sources */ = {isa = PBXBuildFile; fileRef = EBAB031F1BFC732100486400 /* CachingImageDemoUITests.m */; };
		EBAB032F1BFC746E00486400 /* CellImage.m in Sources */ = {isa = PBXBuildFile; fileRef = EBAB032E1BFC746E00486400 /* CellImage.m */; settings = {ASSET_TAGS = (); }; };
		EBAB03331BFC797A00486400 /* UIImageView+MyCache.m in Sources */ = {isa = PBXBuildFile; fileRef = EBAB03321BFC797A00486400 /* UIImageView+MyCache.m */; settings = {ASSET_TAGS = (); }; };
		EBAB03371BFC902E00486400 /* Helpers.m in Sources */ = {isa = PBXBuildFile; fileRef = EBAB03361BFC902E00486400 /* Helpers.m */; settings = {ASSET_TAGS = (); }; };
		EBAB033B1BFCA23300486400 /* ImageDownloader.m in Sources */ = {isa = PBXBuildFile; fileRef = EBAB033A1BFCA23300486400 /* ImageDownloader.m */; settings = {ASSET_TAGS = (); }; };
		EBAB033E1BFCAB1100486400 /* DataProvider.m in Sources */ = {isa = PBXBuildFile; fileRef = EBAB033D1BFCAB1100486400 /* DataProvider.m */; settings = {ASSET_TAGS = (); }; };
/* End PBXBuildFile section */

/* Begin PBXContainerItemProxy section */
		EBAB03111BFC732100486400 /* PBXContainerItemProxy */ = {
			isa = PBXContainerItemProxy;
			containerPortal = EBAB02EF1BFC732100486400 /* Project object */;
			proxyType = 1;
			remoteGlobalIDString = EBAB02F61BFC732100486400;
			remoteInfo = CachingImageDemo;
		};
		EBAB031C1BFC732100486400 /* PBXContainerItemProxy */ = {
			isa = PBXContainerItemProxy;
			containerPortal = EBAB02EF1BFC732100486400 /* Project object */;
			proxyType = 1;
			remoteGlobalIDString = EBAB02F61BFC732100486400;
			remoteInfo = CachingImageDemo;
		};
/* End PBXContainerItemProxy section */

/* Begin PBXFileReference section */
		EB450C9A1BFD98A3002857AC /* NSString+MD5.h */ = {isa = PBXFileReference; fileEncoding = 4; lastKnownFileType = sourcecode.c.h; path = "NSString+MD5.h"; sourceTree = "<group>"; };
		EB450C9B1BFD98A3002857AC /* NSString+MD5.m */ = {isa = PBXFileReference; fileEncoding = 4; lastKnownFileType = sourcecode.c.objc; path = "NSString+MD5.m"; sourceTree = "<group>"; };
		EBAB02F71BFC732100486400 /* CachingImageDemo.app */ = {isa = PBXFileReference; explicitFileType = wrapper.application; includeInIndex = 0; path = CachingImageDemo.app; sourceTree = BUILT_PRODUCTS_DIR; };
		EBAB02FB1BFC732100486400 /* main.m */ = {isa = PBXFileReference; lastKnownFileType = sourcecode.c.objc; path = main.m; sourceTree = "<group>"; };
		EBAB02FD1BFC732100486400 /* AppDelegate.h */ = {isa = PBXFileReference; lastKnownFileType = sourcecode.c.h; path = AppDelegate.h; sourceTree = "<group>"; };
		EBAB02FE1BFC732100486400 /* AppDelegate.m */ = {isa = PBXFileReference; lastKnownFileType = sourcecode.c.objc; path = AppDelegate.m; sourceTree = "<group>"; };
		EBAB03001BFC732100486400 /* ViewController.h */ = {isa = PBXFileReference; lastKnownFileType = sourcecode.c.h; path = ViewController.h; sourceTree = "<group>"; };
		EBAB03011BFC732100486400 /* ViewController.m */ = {isa = PBXFileReference; lastKnownFileType = sourcecode.c.objc; path = ViewController.m; sourceTree = "<group>"; };
		EBAB03041BFC732100486400 /* Base */ = {isa = PBXFileReference; lastKnownFileType = file.storyboard; name = Base; path = Base.lproj/Main.storyboard; sourceTree = "<group>"; };
		EBAB03061BFC732100486400 /* Assets.xcassets */ = {isa = PBXFileReference; lastKnownFileType = folder.assetcatalog; path = Assets.xcassets; sourceTree = "<group>"; };
		EBAB03091BFC732100486400 /* Base */ = {isa = PBXFileReference; lastKnownFileType = file.storyboard; name = Base; path = Base.lproj/LaunchScreen.storyboard; sourceTree = "<group>"; };
		EBAB030B1BFC732100486400 /* Info.plist */ = {isa = PBXFileReference; lastKnownFileType = text.plist.xml; path = Info.plist; sourceTree = "<group>"; };
		EBAB03101BFC732100486400 /* CachingImageDemoTests.xctest */ = {isa = PBXFileReference; explicitFileType = wrapper.cfbundle; includeInIndex = 0; path = CachingImageDemoTests.xctest; sourceTree = BUILT_PRODUCTS_DIR; };
		EBAB03141BFC732100486400 /* CachingImageDemoTests.m */ = {isa = PBXFileReference; lastKnownFileType = sourcecode.c.objc; path = CachingImageDemoTests.m; sourceTree = "<group>"; };
		EBAB03161BFC732100486400 /* Info.plist */ = {isa = PBXFileReference; lastKnownFileType = text.plist.xml; path = Info.plist; sourceTree = "<group>"; };
		EBAB031B1BFC732100486400 /* CachingImageDemoUITests.xctest */ = {isa = PBXFileReference; explicitFileType = wrapper.cfbundle; includeInIndex = 0; path = CachingImageDemoUITests.xctest; sourceTree = BUILT_PRODUCTS_DIR; };
		EBAB031F1BFC732100486400 /* CachingImageDemoUITests.m */ = {isa = PBXFileReference; lastKnownFileType = sourcecode.c.objc; path = CachingImageDemoUITests.m; sourceTree = "<group>"; };
		EBAB03211BFC732100486400 /* Info.plist */ = {isa = PBXFileReference; lastKnownFileType = text.plist.xml; path = Info.plist; sourceTree = "<group>"; };
		EBAB032D1BFC746E00486400 /* CellImage.h */ = {isa = PBXFileReference; fileEncoding = 4; lastKnownFileType = sourcecode.c.h; path = CellImage.h; sourceTree = "<group>"; };
		EBAB032E1BFC746E00486400 /* CellImage.m */ = {isa = PBXFileReference; fileEncoding = 4; lastKnownFileType = sourcecode.c.objc; path = CellImage.m; sourceTree = "<group>"; };
		EBAB03311BFC797A00486400 /* UIImageView+MyCache.h */ = {isa = PBXFileReference; fileEncoding = 4; lastKnownFileType = sourcecode.c.h; path = "UIImageView+MyCache.h"; sourceTree = "<group>"; };
		EBAB03321BFC797A00486400 /* UIImageView+MyCache.m */ = {isa = PBXFileReference; fileEncoding = 4; lastKnownFileType = sourcecode.c.objc; path = "UIImageView+MyCache.m"; sourceTree = "<group>"; };
		EBAB03351BFC902E00486400 /* Helpers.h */ = {isa = PBXFileReference; fileEncoding = 4; lastKnownFileType = sourcecode.c.h; path = Helpers.h; sourceTree = "<group>"; };
		EBAB03361BFC902E00486400 /* Helpers.m */ = {isa = PBXFileReference; fileEncoding = 4; lastKnownFileType = sourcecode.c.objc; path = Helpers.m; sourceTree = "<group>"; };
		EBAB03391BFCA23300486400 /* ImageDownloader.h */ = {isa = PBXFileReference; fileEncoding = 4; lastKnownFileType = sourcecode.c.h; path = ImageDownloader.h; sourceTree = "<group>"; };
		EBAB033A1BFCA23300486400 /* ImageDownloader.m */ = {isa = PBXFileReference; fileEncoding = 4; lastKnownFileType = sourcecode.c.objc; path = ImageDownloader.m; sourceTree = "<group>"; };
		EBAB033C1BFCAB1100486400 /* DataProvider.h */ = {isa = PBXFileReference; fileEncoding = 4; lastKnownFileType = sourcecode.c.h; path = DataProvider.h; sourceTree = "<group>"; };
		EBAB033D1BFCAB1100486400 /* DataProvider.m */ = {isa = PBXFileReference; fileEncoding = 4; lastKnownFileType = sourcecode.c.objc; path = DataProvider.m; sourceTree = "<group>"; };
/* End PBXFileReference section */

/* Begin PBXFrameworksBuildPhase section */
		EBAB02F41BFC732100486400 /* Frameworks */ = {
			isa = PBXFrameworksBuildPhase;
			buildActionMask = 2147483647;
			files = (
			);
			runOnlyForDeploymentPostprocessing = 0;
		};
		EBAB030D1BFC732100486400 /* Frameworks */ = {
			isa = PBXFrameworksBuildPhase;
			buildActionMask = 2147483647;
			files = (
			);
			runOnlyForDeploymentPostprocessing = 0;
		};
		EBAB03181BFC732100486400 /* Frameworks */ = {
			isa = PBXFrameworksBuildPhase;
			buildActionMask = 2147483647;
			files = (
			);
			runOnlyForDeploymentPostprocessing = 0;
		};
/* End PBXFrameworksBuildPhase section */

/* Begin PBXGroup section */
		EBAB02EE1BFC732100486400 = {
			isa = PBXGroup;
			children = (
				EB450C9A1BFD98A3002857AC /* NSString+MD5.h */,
				EB450C9B1BFD98A3002857AC /* NSString+MD5.m */,
				EBAB03381BFCA21D00486400 /* Image Downloader */,
				EBAB03351BFC902E00486400 /* Helpers.h */,
				EBAB03361BFC902E00486400 /* Helpers.m */,
				EBAB03301BFC791E00486400 /* Categories */,
				EBAB02F91BFC732100486400 /* CachingImageDemo */,
				EBAB03131BFC732100486400 /* CachingImageDemoTests */,
				EBAB031E1BFC732100486400 /* CachingImageDemoUITests */,
				EBAB02F81BFC732100486400 /* Products */,
			);
			sourceTree = "<group>";
		};
		EBAB02F81BFC732100486400 /* Products */ = {
			isa = PBXGroup;
			children = (
				EBAB02F71BFC732100486400 /* CachingImageDemo.app */,
				EBAB03101BFC732100486400 /* CachingImageDemoTests.xctest */,
				EBAB031B1BFC732100486400 /* CachingImageDemoUITests.xctest */,
			);
			name = Products;
			sourceTree = "<group>";
		};
		EBAB02F91BFC732100486400 /* CachingImageDemo */ = {
			isa = PBXGroup;
			children = (
				EBAB032D1BFC746E00486400 /* CellImage.h */,
				EBAB032E1BFC746E00486400 /* CellImage.m */,
				EBAB02FD1BFC732100486400 /* AppDelegate.h */,
				EBAB02FE1BFC732100486400 /* AppDelegate.m */,
				EBAB03001BFC732100486400 /* ViewController.h */,
				EBAB03011BFC732100486400 /* ViewController.m */,
				EBAB03031BFC732100486400 /* Main.storyboard */,
				EBAB03061BFC732100486400 /* Assets.xcassets */,
				EBAB03081BFC732100486400 /* LaunchScreen.storyboard */,
				EBAB030B1BFC732100486400 /* Info.plist */,
				EBAB02FA1BFC732100486400 /* Supporting Files */,
			);
			path = CachingImageDemo;
			sourceTree = "<group>";
		};
		EBAB02FA1BFC732100486400 /* Supporting Files */ = {
			isa = PBXGroup;
			children = (
				EBAB02FB1BFC732100486400 /* main.m */,
			);
			name = "Supporting Files";
			sourceTree = "<group>";
		};
		EBAB03131BFC732100486400 /* CachingImageDemoTests */ = {
			isa = PBXGroup;
			children = (
				EBAB03141BFC732100486400 /* CachingImageDemoTests.m */,
				EBAB03161BFC732100486400 /* Info.plist */,
			);
			path = CachingImageDemoTests;
			sourceTree = "<group>";
		};
		EBAB031E1BFC732100486400 /* CachingImageDemoUITests */ = {
			isa = PBXGroup;
			children = (
				EBAB031F1BFC732100486400 /* CachingImageDemoUITests.m */,
				EBAB03211BFC732100486400 /* Info.plist */,
			);
			path = CachingImageDemoUITests;
			sourceTree = "<group>";
		};
		EBAB03301BFC791E00486400 /* Categories */ = {
			isa = PBXGroup;
			children = (
				EBAB03311BFC797A00486400 /* UIImageView+MyCache.h */,
				EBAB03321BFC797A00486400 /* UIImageView+MyCache.m */,
			);
			name = Categories;
			sourceTree = "<group>";
		};
		EBAB03381BFCA21D00486400 /* Image Downloader */ = {
			isa = PBXGroup;
			children = (
				EBAB03391BFCA23300486400 /* ImageDownloader.h */,
				EBAB033A1BFCA23300486400 /* ImageDownloader.m */,
				EBAB033C1BFCAB1100486400 /* DataProvider.h */,
				EBAB033D1BFCAB1100486400 /* DataProvider.m */,
			);
			path = "Image Downloader";
			sourceTree = "<group>";
		};
/* End PBXGroup section */

/* Begin PBXNativeTarget section */
		EBAB02F61BFC732100486400 /* CachingImageDemo */ = {
			isa = PBXNativeTarget;
			buildConfigurationList = EBAB03241BFC732100486400 /* Build configuration list for PBXNativeTarget "CachingImageDemo" */;
			buildPhases = (
				EBAB02F31BFC732100486400 /* Sources */,
				EBAB02F41BFC732100486400 /* Frameworks */,
				EBAB02F51BFC732100486400 /* Resources */,
			);
			buildRules = (
			);
			dependencies = (
			);
			name = CachingImageDemo;
			productName = CachingImageDemo;
			productReference = EBAB02F71BFC732100486400 /* CachingImageDemo.app */;
			productType = "com.apple.product-type.application";
		};
		EBAB030F1BFC732100486400 /* CachingImageDemoTests */ = {
			isa = PBXNativeTarget;
			buildConfigurationList = EBAB03271BFC732100486400 /* Build configuration list for PBXNativeTarget "CachingImageDemoTests" */;
			buildPhases = (
				EBAB030C1BFC732100486400 /* Sources */,
				EBAB030D1BFC732100486400 /* Frameworks */,
				EBAB030E1BFC732100486400 /* Resources */,
			);
			buildRules = (
			);
			dependencies = (
				EBAB03121BFC732100486400 /* PBXTargetDependency */,
			);
			name = CachingImageDemoTests;
			productName = CachingImageDemoTests;
			productReference = EBAB03101BFC732100486400 /* CachingImageDemoTests.xctest */;
			productType = "com.apple.product-type.bundle.unit-test";
		};
		EBAB031A1BFC732100486400 /* CachingImageDemoUITests */ = {
			isa = PBXNativeTarget;
			buildConfigurationList = EBAB032A1BFC732100486400 /* Build configuration list for PBXNativeTarget "CachingImageDemoUITests" */;
			buildPhases = (
				EBAB03171BFC732100486400 /* Sources */,
				EBAB03181BFC732100486400 /* Frameworks */,
				EBAB03191BFC732100486400 /* Resources */,
			);
			buildRules = (
			);
			dependencies = (
				EBAB031D1BFC732100486400 /* PBXTargetDependency */,
			);
			name = CachingImageDemoUITests;
			productName = CachingImageDemoUITests;
			productReference = EBAB031B1BFC732100486400 /* CachingImageDemoUITests.xctest */;
			productType = "com.apple.product-type.bundle.ui-testing";
		};
/* End PBXNativeTarget section */

/* Begin PBXProject section */
		EBAB02EF1BFC732100486400 /* Project object */ = {
			isa = PBXProject;
			attributes = {
				LastUpgradeCheck = 0700;
				ORGANIZATIONNAME = Cuelogic;
				TargetAttributes = {
					EBAB02F61BFC732100486400 = {
						CreatedOnToolsVersion = 7.0;
					};
					EBAB030F1BFC732100486400 = {
						CreatedOnToolsVersion = 7.0;
						TestTargetID = EBAB02F61BFC732100486400;
					};
					EBAB031A1BFC732100486400 = {
						CreatedOnToolsVersion = 7.0;
						TestTargetID = EBAB02F61BFC732100486400;
					};
				};
			};
			buildConfigurationList = EBAB02F21BFC732100486400 /* Build configuration list for PBXProject "CachingImageDemo" */;
			compatibilityVersion = "Xcode 3.2";
			developmentRegion = English;
			hasScannedForEncodings = 0;
			knownRegions = (
				en,
				Base,
			);
			mainGroup = EBAB02EE1BFC732100486400;
			productRefGroup = EBAB02F81BFC732100486400 /* Products */;
			projectDirPath = "";
			projectRoot = "";
			targets = (
				EBAB02F61BFC732100486400 /* CachingImageDemo */,
				EBAB030F1BFC732100486400 /* CachingImageDemoTests */,
				EBAB031A1BFC732100486400 /* CachingImageDemoUITests */,
			);
		};
/* End PBXProject section */

/* Begin PBXResourcesBuildPhase section */
		EBAB02F51BFC732100486400 /* Resources */ = {
			isa = PBXResourcesBuildPhase;
			buildActionMask = 2147483647;
			files = (
				EBAB030A1BFC732100486400 /* LaunchScreen.storyboard in Resources */,
				EBAB03071BFC732100486400 /* Assets.xcassets in Resources */,
				EBAB03051BFC732100486400 /* Main.storyboard in Resources */,
			);
			runOnlyForDeploymentPostprocessing = 0;
		};
		EBAB030E1BFC732100486400 /* Resources */ = {
			isa = PBXResourcesBuildPhase;
			buildActionMask = 2147483647;
			files = (
			);
			runOnlyForDeploymentPostprocessing = 0;
		};
		EBAB03191BFC732100486400 /* Resources */ = {
			isa = PBXResourcesBuildPhase;
			buildActionMask = 2147483647;
			files = (
			);
			runOnlyForDeploymentPostprocessing = 0;
		};
/* End PBXResourcesBuildPhase section */

/* Begin PBXSourcesBuildPhase section */
		EBAB02F31BFC732100486400 /* Sources */ = {
			isa = PBXSourcesBuildPhase;
			buildActionMask = 2147483647;
			files = (
				EBAB03021BFC732100486400 /* ViewController.m in Sources */,
				EBAB032F1BFC746E00486400 /* CellImage.m in Sources */,
				EBAB02FF1BFC732100486400 /* AppDelegate.m in Sources */,
				EB450C9C1BFD98A3002857AC /* NSString+MD5.m in Sources */,
				EBAB03371BFC902E00486400 /* Helpers.m in Sources */,
				EBAB02FC1BFC732100486400 /* main.m in Sources */,
				EBAB033B1BFCA23300486400 /* ImageDownloader.m in Sources */,
				EBAB033E1BFCAB1100486400 /* DataProvider.m in Sources */,
				EBAB03331BFC797A00486400 /* UIImageView+MyCache.m in Sources */,
			);
			runOnlyForDeploymentPostprocessing = 0;
		};
		EBAB030C1BFC732100486400 /* Sources */ = {
			isa = PBXSourcesBuildPhase;
			buildActionMask = 2147483647;
			files = (
				EBAB03151BFC732100486400 /* CachingImageDemoTests.m in Sources */,
			);
			runOnlyForDeploymentPostprocessing = 0;
		};
		EBAB03171BFC732100486400 /* Sources */ = {
			isa = PBXSourcesBuildPhase;
			buildActionMask = 2147483647;
			files = (
				EBAB03201BFC732100486400 /* CachingImageDemoUITests.m in Sources */,
			);
			runOnlyForDeploymentPostprocessing = 0;
		};
/* End PBXSourcesBuildPhase section */

/* Begin PBXTargetDependency section */
		EBAB03121BFC732100486400 /* PBXTargetDependency */ = {
			isa = PBXTargetDependency;
			target = EBAB02F61BFC732100486400 /* CachingImageDemo */;
			targetProxy = EBAB03111BFC732100486400 /* PBXContainerItemProxy */;
		};
		EBAB031D1BFC732100486400 /* PBXTargetDependency */ = {
			isa = PBXTargetDependency;
			target = EBAB02F61BFC732100486400 /* CachingImageDemo */;
			targetProxy = EBAB031C1BFC732100486400 /* PBXContainerItemProxy */;
		};
/* End PBXTargetDependency section */

/* Begin PBXVariantGroup section */
		EBAB03031BFC732100486400 /* Main.storyboard */ = {
			isa = PBXVariantGroup;
			children = (
				EBAB03041BFC732100486400 /* Base */,
			);
			name = Main.storyboard;
			sourceTree = "<group>";
		};
		EBAB03081BFC732100486400 /* LaunchScreen.storyboard */ = {
			isa = PBXVariantGroup;
			children = (
				EBAB03091BFC732100486400 /* Base */,
			);
			name = LaunchScreen.storyboard;
			sourceTree = "<group>";
		};
/* End PBXVariantGroup section */

/* Begin XCBuildConfiguration section */
		EBAB03221BFC732100486400 /* Debug */ = {
			isa = XCBuildConfiguration;
			buildSettings = {
				ALWAYS_SEARCH_USER_PATHS = NO;
				CLANG_CXX_LANGUAGE_STANDARD = "gnu++0x";
				CLANG_CXX_LIBRARY = "libc++";
				CLANG_ENABLE_MODULES = YES;
				CLANG_ENABLE_OBJC_ARC = YES;
				CLANG_WARN_BOOL_CONVERSION = YES;
				CLANG_WARN_CONSTANT_CONVERSION = YES;
				CLANG_WARN_DIRECT_OBJC_ISA_USAGE = YES_ERROR;
				CLANG_WARN_EMPTY_BODY = YES;
				CLANG_WARN_ENUM_CONVERSION = YES;
				CLANG_WARN_INT_CONVERSION = YES;
				CLANG_WARN_OBJC_ROOT_CLASS = YES_ERROR;
				CLANG_WARN_UNREACHABLE_CODE = YES;
				CLANG_WARN__DUPLICATE_METHOD_MATCH = YES;
				"CODE_SIGN_IDENTITY[sdk=iphoneos*]" = "iPhone Developer";
				COPY_PHASE_STRIP = NO;
				DEBUG_INFORMATION_FORMAT = dwarf;
				ENABLE_STRICT_OBJC_MSGSEND = YES;
				ENABLE_TESTABILITY = YES;
				GCC_C_LANGUAGE_STANDARD = gnu99;
				GCC_DYNAMIC_NO_PIC = NO;
				GCC_NO_COMMON_BLOCKS = YES;
				GCC_OPTIMIZATION_LEVEL = 0;
				GCC_PREPROCESSOR_DEFINITIONS = (
					"DEBUG=1",
					"$(inherited)",
				);
				GCC_WARN_64_TO_32_BIT_CONVERSION = YES;
				GCC_WARN_ABOUT_RETURN_TYPE = YES_ERROR;
				GCC_WARN_UNDECLARED_SELECTOR = YES;
				GCC_WARN_UNINITIALIZED_AUTOS = YES_AGGRESSIVE;
				GCC_WARN_UNUSED_FUNCTION = YES;
				GCC_WARN_UNUSED_VARIABLE = YES;
				IPHONEOS_DEPLOYMENT_TARGET = 9.0;
				MTL_ENABLE_DEBUG_INFO = YES;
				ONLY_ACTIVE_ARCH = YES;
				SDKROOT = iphoneos;
				TARGETED_DEVICE_FAMILY = "1,2";
			};
			name = Debug;
		};
		EBAB03231BFC732100486400 /* Release */ = {
			isa = XCBuildConfiguration;
			buildSettings = {
				ALWAYS_SEARCH_USER_PATHS = NO;
				CLANG_CXX_LANGUAGE_STANDARD = "gnu++0x";
				CLANG_CXX_LIBRARY = "libc++";
				CLANG_ENABLE_MODULES = YES;
				CLANG_ENABLE_OBJC_ARC = YES;
				CLANG_WARN_BOOL_CONVERSION = YES;
				CLANG_WARN_CONSTANT_CONVERSION = YES;
				CLANG_WARN_DIRECT_OBJC_ISA_USAGE = YES_ERROR;
				CLANG_WARN_EMPTY_BODY = YES;
				CLANG_WARN_ENUM_CONVERSION = YES;
				CLANG_WARN_INT_CONVERSION = YES;
				CLANG_WARN_OBJC_ROOT_CLASS = YES_ERROR;
				CLANG_WARN_UNREACHABLE_CODE = YES;
				CLANG_WARN__DUPLICATE_METHOD_MATCH = YES;
				"CODE_SIGN_IDENTITY[sdk=iphoneos*]" = "iPhone Developer";
				COPY_PHASE_STRIP = NO;
				DEBUG_INFORMATION_FORMAT = "dwarf-with-dsym";
				ENABLE_NS_ASSERTIONS = NO;
				ENABLE_STRICT_OBJC_MSGSEND = YES;
				GCC_C_LANGUAGE_STANDARD = gnu99;
				GCC_NO_COMMON_BLOCKS = YES;
				GCC_WARN_64_TO_32_BIT_CONVERSION = YES;
				GCC_WARN_ABOUT_RETURN_TYPE = YES_ERROR;
				GCC_WARN_UNDECLARED_SELECTOR = YES;
				GCC_WARN_UNINITIALIZED_AUTOS = YES_AGGRESSIVE;
				GCC_WARN_UNUSED_FUNCTION = YES;
				GCC_WARN_UNUSED_VARIABLE = YES;
				IPHONEOS_DEPLOYMENT_TARGET = 9.0;
				MTL_ENABLE_DEBUG_INFO = NO;
				SDKROOT = iphoneos;
				TARGETED_DEVICE_FAMILY = "1,2";
				VALIDATE_PRODUCT = YES;
			};
			name = Release;
		};
		EBAB03251BFC732100486400 /* Debug */ = {
			isa = XCBuildConfiguration;
			buildSettings = {
				ASSETCATALOG_COMPILER_APPICON_NAME = AppIcon;
				INFOPLIST_FILE = CachingImageDemo/Info.plist;
				LD_RUNPATH_SEARCH_PATHS = "$(inherited) @executable_path/Frameworks";
				PRODUCT_BUNDLE_IDENTIFIER = com.cuelogic.CachingImageDemo;
				PRODUCT_NAME = "$(TARGET_NAME)";
			};
			name = Debug;
		};
		EBAB03261BFC732100486400 /* Release */ = {
			isa = XCBuildConfiguration;
			buildSettings = {
				ASSETCATALOG_COMPILER_APPICON_NAME = AppIcon;
				INFOPLIST_FILE = CachingImageDemo/Info.plist;
				LD_RUNPATH_SEARCH_PATHS = "$(inherited) @executable_path/Frameworks";
				PRODUCT_BUNDLE_IDENTIFIER = com.cuelogic.CachingImageDemo;
				PRODUCT_NAME = "$(TARGET_NAME)";
			};
			name = Release;
		};
		EBAB03281BFC732100486400 /* Debug */ = {
			isa = XCBuildConfiguration;
			buildSettings = {
				BUNDLE_LOADER = "$(TEST_HOST)";
				INFOPLIST_FILE = CachingImageDemoTests/Info.plist;
				LD_RUNPATH_SEARCH_PATHS = "$(inherited) @executable_path/Frameworks @loader_path/Frameworks";
				PRODUCT_BUNDLE_IDENTIFIER = com.cuelogic.CachingImageDemoTests;
				PRODUCT_NAME = "$(TARGET_NAME)";
				TEST_HOST = "$(BUILT_PRODUCTS_DIR)/CachingImageDemo.app/CachingImageDemo";
			};
			name = Debug;
		};
		EBAB03291BFC732100486400 /* Release */ = {
			isa = XCBuildConfiguration;
			buildSettings = {
				BUNDLE_LOADER = "$(TEST_HOST)";
				INFOPLIST_FILE = CachingImageDemoTests/Info.plist;
				LD_RUNPATH_SEARCH_PATHS = "$(inherited) @executable_path/Frameworks @loader_path/Frameworks";
				PRODUCT_BUNDLE_IDENTIFIER = com.cuelogic.CachingImageDemoTests;
				PRODUCT_NAME = "$(TARGET_NAME)";
				TEST_HOST = "$(BUILT_PRODUCTS_DIR)/CachingImageDemo.app/CachingImageDemo";
			};
			name = Release;
		};
		EBAB032B1BFC732100486400 /* Debug */ = {
			isa = XCBuildConfiguration;
			buildSettings = {
				INFOPLIST_FILE = CachingImageDemoUITests/Info.plist;
				LD_RUNPATH_SEARCH_PATHS = "$(inherited) @executable_path/Frameworks @loader_path/Frameworks";
				PRODUCT_BUNDLE_IDENTIFIER = com.cuelogic.CachingImageDemoUITests;
				PRODUCT_NAME = "$(TARGET_NAME)";
				TEST_TARGET_NAME = CachingImageDemo;
				USES_XCTRUNNER = YES;
			};
			name = Debug;
		};
		EBAB032C1BFC732100486400 /* Release */ = {
			isa = XCBuildConfiguration;
			buildSettings = {
				INFOPLIST_FILE = CachingImageDemoUITests/Info.plist;
				LD_RUNPATH_SEARCH_PATHS = "$(inherited) @executable_path/Frameworks @loader_path/Frameworks";
				PRODUCT_BUNDLE_IDENTIFIER = com.cuelogic.CachingImageDemoUITests;
				PRODUCT_NAME = "$(TARGET_NAME)";
				TEST_TARGET_NAME = CachingImageDemo;
				USES_XCTRUNNER = YES;
			};
			name = Release;
		};
/* End XCBuildConfiguration section */

/* Begin XCConfigurationList section */
		EBAB02F21BFC732100486400 /* Build configuration list for PBXProject "CachingImageDemo" */ = {
			isa = XCConfigurationList;
			buildConfigurations = (
				EBAB03221BFC732100486400 /* Debug */,
				EBAB03231BFC732100486400 /* Release */,
			);
			defaultConfigurationIsVisible = 0;
			defaultConfigurationName = Release;
		};
		EBAB03241BFC732100486400 /* Build configuration list for PBXNativeTarget "CachingImageDemo" */ = {
			isa = XCConfigurationList;
			buildConfigurations = (
				EBAB03251BFC732100486400 /* Debug */,
				EBAB03261BFC732100486400 /* Release */,
			);
			defaultConfigurationIsVisible = 0;
			defaultConfigurationName = Release;
		};
		EBAB03271BFC732100486400 /* Build configuration list for PBXNativeTarget "CachingImageDemoTests" */ = {
			isa = XCConfigurationList;
			buildConfigurations = (
				EBAB03281BFC732100486400 /* Debug */,
				EBAB03291BFC732100486400 /* Release */,
			);
			defaultConfigurationIsVisible = 0;
			defaultConfigurationName = Release;
		};
		EBAB032A1BFC732100486400 /* Build configuration list for PBXNativeTarget "CachingImageDemoUITests" */ = {
			isa = XCConfigurationList;
			buildConfigurations = (
				EBAB032B1BFC732100486400 /* Debug */,
				EBAB032C1BFC732100486400 /* Release */,
			);
			defaultConfigurationIsVisible = 0;
			defaultConfigurationName = Release;
		};
/* End XCConfigurationList section */
	};
	rootObject = EBAB02EF1BFC732100486400 /* Project object */;
}
